
Microsoft Visual Studio Solution File, Format Version 12.00
# Visual Studio 15
VisualStudioVersion = 15.0.28307.168
MinimumVisualStudioVersion = 10.0.40219.1
Project("{FAE04EC0-301F-11D3-BF4B-00C04F79EFBC}") = "Lab-08-iLinq-in-manhattan", "Lab-08-iLinq-in-manhattan\Lab-08-iLinq-in-manhattan.csproj", "{F929C6A4-97DE-44FB-9CC7-0AAB1528B1ED}"
EndProject
Global
	GlobalSection(SolutionConfigurationPlatforms) = preSolution
		Debug|Any CPU = Debug|Any CPU
		Release|Any CPU = Release|Any CPU
	EndGlobalSection
	GlobalSection(ProjectConfigurationPlatforms) = postSolution
		{F929C6A4-97DE-44FB-9CC7-0AAB1528B1ED}.Debug|Any CPU.ActiveCfg = Debug|Any CPU
		{F929C6A4-97DE-44FB-9CC7-0AAB1528B1ED}.Debug|Any CPU.Build.0 = Debug|Any CPU
		{F929C6A4-97DE-44FB-9CC7-0AAB1528B1ED}.Release|Any CPU.ActiveCfg = Release|Any CPU
		{F929C6A4-97DE-44FB-9CC7-0AAB1528B1ED}.Release|Any CPU.Build.0 = Release|Any CPU
	EndGlobalSection
	GlobalSection(SolutionProperties) = preSolution
		HideSolutionNode = FALSE
	EndGlobalSection
	GlobalSection(ExtensibilityGlobals) = postSolution
		SolutionGuid = {863E4B8D-0C31-42BC-A8E8-C49A05210E98}
	EndGlobalSection
EndGlobal
